Microsoft Visual Studio Solution File, Format Version 12.00
# Visual Studio 2012
Project("{FAE04EC0-301F-11D3-BF4B-00C04F79EFBC}") = "Flappy bird", "Flappy bird.csproj", "{52A67734-5625-43F9-81EB-D7EDC13E4995}"
EndProject
Global
	GlobalSection(SolutionConfigurationPlatforms) = preSolution
	Debug|Any CPU = Debug|Any CPU
	ExportDebug|Any CPU = ExportDebug|Any CPU
	ExportRelease|Any CPU = ExportRelease|Any CPU
	EndGlobalSection
	GlobalSection(ProjectConfigurationPlatforms) = postSolution
		{52A67734-5625-43F9-81EB-D7EDC13E4995}.Debug|Any CPU.ActiveCfg = Debug|Any CPU
		{52A67734-5625-43F9-81EB-D7EDC13E4995}.Debug|Any CPU.Build.0 = Debug|Any CPU
		{52A67734-5625-43F9-81EB-D7EDC13E4995}.ExportDebug|Any CPU.ActiveCfg = ExportDebug|Any CPU
		{52A67734-5625-43F9-81EB-D7EDC13E4995}.ExportDebug|Any CPU.Build.0 = ExportDebug|Any CPU
		{52A67734-5625-43F9-81EB-D7EDC13E4995}.ExportRelease|Any CPU.ActiveCfg = ExportRelease|Any CPU
		{52A67734-5625-43F9-81EB-D7EDC13E4995}.ExportRelease|Any CPU.Build.0 = ExportRelease|Any CPU
	EndGlobalSection
EndGlobal
